Microsoft Visual Studio Solution File, Format Version 12.00
# Visual Studio Version 17
VisualStudioVersion = 17.5.2.0
MinimumVisualStudioVersion = 10.0.40219.1
Project("{FAE04EC0-301F-11D3-BF4B-00C04F79EFBC}") = "parqueo", "parqueo.csproj", "{CEF74E7C-D647-F218-16B3-6F9817863030}"
EndProject
Global
	GlobalSection(SolutionConfigurationPlatforms) = preSolution
		Debug|Any CPU = Debug|Any CPU
		Release|Any CPU = Release|Any CPU
	EndGlobalSection
	GlobalSection(ProjectConfigurationPlatforms) = postSolution
		{CEF74E7C-D647-F218-16B3-6F9817863030}.Debug|Any CPU.ActiveCfg = Debug|Any CPU
		{CEF74E7C-D647-F218-16B3-6F9817863030}.Debug|Any CPU.Build.0 = Debug|Any CPU
		{CEF74E7C-D647-F218-16B3-6F9817863030}.Release|Any CPU.ActiveCfg = Release|Any CPU
		{CEF74E7C-D647-F218-16B3-6F9817863030}.Release|Any CPU.Build.0 = Release|Any CPU
	EndGlobalSection
	GlobalSection(SolutionProperties) = preSolution
		HideSolutionNode = FALSE
	EndGlobalSection
	GlobalSection(ExtensibilityGlobals) = postSolution
		SolutionGuid = {270EA202-E0E1-43C9-8B00-0B16EDE90002}
	EndGlobalSection
EndGlobal
